
Microsoft Visual Studio Solution File, Format Version 12.00
# Visual Studio Version 16
VisualStudioVersion = 16.0.35706.149
MinimumVisualStudioVersion = 10.0.40219.1
Project("{FAE04EC0-301F-11D3-BF4B-00C04F79EFBC}") = "Narrativa", "Narrativa.csproj", "{DA27BBF7-CA09-42BC-9D35-AB3C990133F6}"
EndProject
Global
	GlobalSection(SolutionConfigurationPlatforms) = preSolution
		Debug|Any CPU = Debug|Any CPU
		Release|Any CPU = Release|Any CPU
	EndGlobalSection
	GlobalSection(ProjectConfigurationPlatforms) = postSolution
		{DA27BBF7-CA09-42BC-9D35-AB3C990133F6}.Debug|Any CPU.ActiveCfg = Debug|Any CPU
		{DA27BBF7-CA09-42BC-9D35-AB3C990133F6}.Debug|Any CPU.Build.0 = Debug|Any CPU
		{DA27BBF7-CA09-42BC-9D35-AB3C990133F6}.Release|Any CPU.ActiveCfg = Release|Any CPU
		{DA27BBF7-CA09-42BC-9D35-AB3C990133F6}.Release|Any CPU.Build.0 = Release|Any CPU
	EndGlobalSection
	GlobalSection(SolutionProperties) = preSolution
		HideSolutionNode = FALSE
	EndGlobalSection
	GlobalSection(ExtensibilityGlobals) = postSolution
		SolutionGuid = {BE445EC2-9CF8-44F5-89E6-76CFC1AC1F81}
	EndGlobalSection
EndGlobal
